# Code generated by scarb DO NOT EDIT.
version = 1

[[package]]
name = "alexandria_data_structures"
version = "0.1.0"

[[package]]
name = "alexandria_merkle_tree"
version = "0.1.0"

[[package]]
name = "alexandria_sorting"
version = "0.1.0"
dependencies = [
 "alexandria_data_structures",
]

[[package]]
name = "cubit"
version = "1.4.0"

[[package]]
name = "numbench"
version = "0.1.0"
dependencies = [
 "cubit",
 "orion",
 "snforge_std",
]

[[package]]
name = "orion"
version = "0.2.5"
dependencies = [
 "alexandria_data_structures",
 "alexandria_merkle_tree",
 "alexandria_sorting",
 "cubit",
]

[[package]]
name = "snforge_scarb_plugin"
version = "0.61.0"
source = "registry+https://scarbs.xyz/"
checksum = "sha256:6b5d7d4e3fc03b00a9913cb31c9bcf2a1fde23c10760e776fdac493b1f39086b"

[[package]]
name = "snforge_std"
version = "0.61.0"
source = "registry+https://scarbs.xyz/"
checksum = "sha256:e54712a6a33b746e1898db099688ed8b980eaed24d4dd21abf54285f04cf3aeb"
dependencies = [
 "snforge_scarb_plugin",
]
