# Code generated by scarb DO NOT EDIT.
version = 1

[[package]]
name = "fixed"
version = "0.4.0"
source = "registry+https://scarbs.xyz/"
checksum = "sha256:a8f7ec541b8cc85894688ae9008cddb87cccc55a024b04b35f7fd3716d715064"

[[package]]
name = "glam_core"
version = "0.4.1"
source = "registry+https://scarbs.xyz/"
checksum = "sha256:86351a73e26bfd6bbdd7548775e9377b33ed08a9616a249117942ccb29b7c75f"
dependencies = [
 "fixed",
]

[[package]]
name = "rapier2d"
version = "0.1.0-alpha.8"
dependencies = [
 "fixed",
 "glam_core",
 "rapier_core",
 "rapier_dynamics2d",
 "rapier_geometry2d",
 "rapier_golden",
 "rapier_math",
 "rapier_testing",
 "snforge_std",
]

[[package]]
name = "rapier2d_classes"
version = "0.1.0-alpha.8"
dependencies = [
 "fixed",
 "glam_core",
 "rapier2d",
 "rapier_core",
 "rapier_dynamics2d",
 "rapier_geometry2d",
 "rapier_testing",
 "snforge_std",
]

[[package]]
name = "rapier_core"
version = "0.1.0-alpha.8"
dependencies = [
 "fixed",
 "rapier_golden",
 "rapier_testing",
 "snforge_std",
]

[[package]]
name = "rapier_dynamics2d"
version = "0.1.0-alpha.8"
dependencies = [
 "fixed",
 "glam_core",
 "rapier_core",
 "rapier_geometry2d",
 "rapier_golden",
 "rapier_math",
 "rapier_testing",
 "snforge_std",
]

[[package]]
name = "rapier_geometry2d"
version = "0.1.0-alpha.8"
dependencies = [
 "fixed",
 "glam_core",
 "rapier_core",
 "rapier_golden",
 "rapier_math",
 "rapier_testing",
 "snforge_std",
]

[[package]]
name = "rapier_golden"
version = "0.1.0-alpha.8"
dependencies = [
 "rapier_testing",
 "snforge_std",
]

[[package]]
name = "rapier_math"
version = "0.1.0-alpha.8"
dependencies = [
 "fixed",
 "glam_core",
 "rapier_golden",
 "rapier_testing",
 "snforge_std",
]

[[package]]
name = "rapier_sink"
version = "0.1.0-alpha.8"
dependencies = [
 "fixed",
 "glam_core",
 "rapier2d",
 "rapier2d_classes",
 "rapier_geometry2d",
 "rapier_testing",
 "snforge_std",
]

[[package]]
name = "rapier_testing"
version = "0.1.0-alpha.8"
dependencies = [
 "snforge_std",
]

[[package]]
name = "snforge_scarb_plugin"
version = "0.64.0"
source = "registry+https://scarbs.xyz/"
checksum = "sha256:b6e330b8303add0d1a32e636e4e0d2b44a6b4ff5632bfe0ce66f136a701ae151"

[[package]]
name = "snforge_std"
version = "0.64.0"
source = "registry+https://scarbs.xyz/"
checksum = "sha256:ea9ca83895fd0ae4b99c5cf93b384b8045dc0dca80a075ecef1ee9fdf5ffa6f5"
dependencies = [
 "snforge_scarb_plugin",
]
