# Code generated by scarb DO NOT EDIT.
version = 1

[[package]]
name = "ball_drop"
version = "0.1.0"
dependencies = [
 "fixed",
 "glam_core",
 "rapier2d",
]

[[package]]
name = "fixed"
version = "0.5.0"
source = "registry+https://scarbs.xyz/"
checksum = "sha256:697d3e82f4eb156e56dfcc025d96fd77edca6d05878a0fc16d3ac8c664230fb9"

[[package]]
name = "glam_core"
version = "0.5.0"
source = "registry+https://scarbs.xyz/"
checksum = "sha256:a5e6e4863acfc4be492e06f8f965a16982b8a8975a5179a903d64092a9f05975"
dependencies = [
 "fixed",
]

[[package]]
name = "rapier2d"
version = "0.1.0-alpha.11"
dependencies = [
 "fixed",
 "glam_core",
 "rapier_core",
 "rapier_dynamics2d",
 "rapier_geometry2d",
 "rapier_math",
]

[[package]]
name = "rapier_core"
version = "0.1.0-alpha.11"
dependencies = [
 "fixed",
]

[[package]]
name = "rapier_dynamics2d"
version = "0.1.0-alpha.11"
dependencies = [
 "fixed",
 "glam_core",
 "rapier_core",
 "rapier_geometry2d",
 "rapier_math",
]

[[package]]
name = "rapier_geometry2d"
version = "0.1.0-alpha.11"
dependencies = [
 "fixed",
 "glam_core",
 "rapier_core",
 "rapier_math",
]

[[package]]
name = "rapier_math"
version = "0.1.0-alpha.11"
dependencies = [
 "fixed",
 "glam_core",
]
