# Code generated by scarb DO NOT EDIT.
version = 1

[[package]]
name = "ball_drop"
version = "0.1.0"
dependencies = [
 "fixed",
 "glam_core",
 "rapier2d",
]

[[package]]
name = "fixed"
version = "0.4.0"
source = "registry+https://scarbs.xyz/"
checksum = "sha256:a8f7ec541b8cc85894688ae9008cddb87cccc55a024b04b35f7fd3716d715064"

[[package]]
name = "glam_core"
version = "0.4.1"
source = "registry+https://scarbs.xyz/"
checksum = "sha256:86351a73e26bfd6bbdd7548775e9377b33ed08a9616a249117942ccb29b7c75f"
dependencies = [
 "fixed",
]

[[package]]
name = "rapier2d"
version = "0.1.0-alpha.8"
dependencies = [
 "fixed",
 "glam_core",
 "rapier_core",
 "rapier_dynamics2d",
 "rapier_geometry2d",
 "rapier_math",
]

[[package]]
name = "rapier_core"
version = "0.1.0-alpha.8"
dependencies = [
 "fixed",
]

[[package]]
name = "rapier_dynamics2d"
version = "0.1.0-alpha.8"
dependencies = [
 "fixed",
 "glam_core",
 "rapier_core",
 "rapier_geometry2d",
 "rapier_math",
]

[[package]]
name = "rapier_geometry2d"
version = "0.1.0-alpha.8"
dependencies = [
 "fixed",
 "glam_core",
 "rapier_core",
 "rapier_math",
]

[[package]]
name = "rapier_math"
version = "0.1.0-alpha.8"
dependencies = [
 "fixed",
 "glam_core",
]
