# Code generated by scarb DO NOT EDIT.
version = 1

[[package]]
name = "ball_drop"
version = "0.1.0"
dependencies = [
 "fixed",
 "glam",
 "rapier2d",
 "rapier_core",
 "rapier_math",
]

[[package]]
name = "fixed"
version = "0.1.0"
source = "git+https://github.com/bal7hazar/glam.cairo?rev=ce18a0b501970b67cf711214a79bb309136c3c65#ce18a0b501970b67cf711214a79bb309136c3c65"

[[package]]
name = "glam"
version = "0.1.0"
source = "git+https://github.com/bal7hazar/glam.cairo?rev=ce18a0b501970b67cf711214a79bb309136c3c65#ce18a0b501970b67cf711214a79bb309136c3c65"
dependencies = [
 "fixed",
]

[[package]]
name = "rapier2d"
version = "0.1.0"
dependencies = [
 "fixed",
 "glam",
 "rapier_core",
 "rapier_dynamics2d",
 "rapier_geometry2d",
 "rapier_math",
]

[[package]]
name = "rapier_core"
version = "0.1.0"
dependencies = [
 "fixed",
]

[[package]]
name = "rapier_dynamics2d"
version = "0.1.0"
dependencies = [
 "fixed",
 "glam",
 "rapier_core",
 "rapier_geometry2d",
 "rapier_math",
]

[[package]]
name = "rapier_geometry2d"
version = "0.1.0"
dependencies = [
 "fixed",
 "glam",
 "rapier_core",
 "rapier_math",
]

[[package]]
name = "rapier_math"
version = "0.1.0"
dependencies = [
 "fixed",
 "glam",
]
